
Microsoft Visual Studio Solution File, Format Version 12.00
# Visual Studio Version 17
VisualStudioVersion = 17.3.32929.385
MinimumVisualStudioVersion = 10.0.40219.1
Project("{FAE04EC0-301F-11D3-BF4B-00C04F79EFBC}") = "301261209", "301261209\301261209.csproj", "{C8728A01-E87D-4C35-9791-F7A788D3A0FF}"
EndProject
Global
	GlobalSection(SolutionConfigurationPlatforms) = preSolution
		Debug|Any CPU = Debug|Any CPU
		Release|Any CPU = Release|Any CPU
	EndGlobalSection
	GlobalSection(ProjectConfigurationPlatforms) = postSolution
		{C8728A01-E87D-4C35-9791-F7A788D3A0FF}.Debug|Any CPU.ActiveCfg = Debug|Any CPU
		{C8728A01-E87D-4C35-9791-F7A788D3A0FF}.Debug|Any CPU.Build.0 = Debug|Any CPU
		{C8728A01-E87D-4C35-9791-F7A788D3A0FF}.Release|Any CPU.ActiveCfg = Release|Any CPU
		{C8728A01-E87D-4C35-9791-F7A788D3A0FF}.Release|Any CPU.Build.0 = Release|Any CPU
	EndGlobalSection
	GlobalSection(SolutionProperties) = preSolution
		HideSolutionNode = FALSE
	EndGlobalSection
	GlobalSection(ExtensibilityGlobals) = postSolution
		SolutionGuid = {A269AF52-27B8-4B89-93FE-8D3ABF084A6E}
	EndGlobalSection
EndGlobal
